// !$*UTF8*$!
{
	archiveVersion = 1;
	classes = {
	};
	objectVersion = 48;
	objects = {

/* Begin PBXBuildFile section */
		172981791FD5C92700904E05 /* AppDelegate.swift in Sources */ = {isa = PBXBuildFile; fileRef = 172981781FD5C92700904E05 /* AppDelegate.swift */; };
		1729817B1FD5C92700904E05 /* FilmTableController.swift in Sources */ = {isa = PBXBuildFile; fileRef = 1729817A1FD5C92700904E05 /* FilmTableController.swift */; };
		172981801FD5C92700904E05 /* Assets.xcassets in Resources */ = {isa = PBXBuildFile; fileRef = 1729817F1FD5C92700904E05 /* Assets.xcassets */; };
		172981831FD5C92700904E05 /* LaunchScreen.storyboard in Resources */ = {isa = PBXBuildFile; fileRef = 172981811FD5C92700904E05 /* LaunchScreen.storyboard */; };
		1729818C1FD5D39100904E05 /* Film.swift in Sources */ = {isa = PBXBuildFile; fileRef = 1729818B1FD5D39100904E05 /* Film.swift */; };
		1729818E1FD5D67600904E05 /* FilmManager.swift in Sources */ = {isa = PBXBuildFile; fileRef = 1729818D1FD5D67600904E05 /* FilmManager.swift */; };
		172981901FD5F1B400904E05 /* FilmTableViewCell.swift in Sources */ = {isa = PBXBuildFile; fileRef = 1729818F1FD5F1B400904E05 /* FilmTableViewCell.swift */; };
		172981921FD6002B00904E05 /* FilmLocationMapViewController.swift in Sources */ = {isa = PBXBuildFile; fileRef = 172981911FD6002B00904E05 /* FilmLocationMapViewController.swift */; };
/* End PBXBuildFile section */

/* Begin PBXFileReference section */
		172981751FD5C92700904E05 /* FilmLocations.app */ = {isa = PBXFileReference; explicitFileType = wrapper.application; includeInIndex = 0; path = FilmLocations.app; sourceTree = BUILT_PRODUCTS_DIR; };
		172981781FD5C92700904E05 /* AppDelegate.swift */ = {isa = PBXFileReference; lastKnownFileType = sourcecode.swift; path = AppDelegate.swift; sourceTree = "<group>"; };
		1729817A1FD5C92700904E05 /* FilmTableController.swift */ = {isa = PBXFileReference; lastKnownFileType = sourcecode.swift; path = FilmTableController.swift; sourceTree = "<group>"; };
		1729817F1FD5C92700904E05 /* Assets.xcassets */ = {isa = PBXFileReference; lastKnownFileType = folder.assetcatalog; path = Assets.xcassets; sourceTree = "<group>"; };
		172981821FD5C92700904E05 /* Base */ = {isa = PBXFileReference; lastKnownFileType = file.storyboard; name = Base; path = Base.lproj/LaunchScreen.storyboard; sourceTree = "<group>"; };
		172981841FD5C92700904E05 /* Info.plist */ = {isa = PBXFileReference; lastKnownFileType = text.plist.xml; path = Info.plist; sourceTree = "<group>"; };
		1729818B1FD5D39100904E05 /* Film.swift */ = {isa = PBXFileReference; lastKnownFileType = sourcecode.swift; path = Film.swift; sourceTree = "<group>"; };
		1729818D1FD5D67600904E05 /* FilmManager.swift */ = {isa = PBXFileReference; lastKnownFileType = sourcecode.swift; path = FilmManager.swift; sourceTree = "<group>"; };
		1729818F1FD5F1B400904E05 /* FilmTableViewCell.swift */ = {isa = PBXFileReference; lastKnownFileType = sourcecode.swift; path = FilmTableViewCell.swift; sourceTree = "<group>"; };
		172981911FD6002B00904E05 /* FilmLocationMapViewController.swift */ = {isa = PBXFileReference; lastKnownFileType = sourcecode.swift; path = FilmLocationMapViewController.swift; sourceTree = "<group>"; };
/* End PBXFileReference section */

/* Begin PBXFrameworksBuildPhase section */
		172981721FD5C92700904E05 /* Frameworks */ = {
			isa = PBXFrameworksBuildPhase;
			buildActionMask = 2147483647;
			files = (
			);
			runOnlyForDeploymentPostprocessing = 0;
		};
/* End PBXFrameworksBuildPhase section */

/* Begin PBXGroup section */
		1729816C1FD5C92700904E05 = {
			isa = PBXGroup;
			children = (
				172981771FD5C92700904E05 /* FilmLocations */,
				172981761FD5C92700904E05 /* Products */,
			);
			sourceTree = "<group>";
		};
		172981761FD5C92700904E05 /* Products */ = {
			isa = PBXGroup;
			children = (
				172981751FD5C92700904E05 /* FilmLocations.app */,
			);
			name = Products;
			sourceTree = "<group>";
		};
		172981771FD5C92700904E05 /* FilmLocations */ = {
			isa = PBXGroup;
			children = (
				1729818A1FD5D36100904E05 /* Model */,
				172981781FD5C92700904E05 /* AppDelegate.swift */,
				1729817A1FD5C92700904E05 /* FilmTableController.swift */,
				1729818F1FD5F1B400904E05 /* FilmTableViewCell.swift */,
				1729817F1FD5C92700904E05 /* Assets.xcassets */,
				172981811FD5C92700904E05 /* LaunchScreen.storyboard */,
				172981841FD5C92700904E05 /* Info.plist */,
				172981911FD6002B00904E05 /* FilmLocationMapViewController.swift */,
			);
			path = FilmLocations;
			sourceTree = "<group>";
		};
		1729818A1FD5D36100904E05 /* Model */ = {
			isa = PBXGroup;
			children = (
				1729818B1FD5D39100904E05 /* Film.swift */,
				1729818D1FD5D67600904E05 /* FilmManager.swift */,
			);
			path = Model;
			sourceTree = "<group>";
		};
/* End PBXGroup section */

/* Begin PBXNativeTarget section */
		172981741FD5C92700904E05 /* FilmLocations */ = {
			isa = PBXNativeTarget;
			buildConfigurationList = 172981871FD5C92700904E05 /* Build configuration list for PBXNativeTarget "FilmLocations" */;
			buildPhases = (
				172981711FD5C92700904E05 /* Sources */,
				172981721FD5C92700904E05 /* Frameworks */,
				172981731FD5C92700904E05 /* Resources */,
			);
			buildRules = (
			);
			dependencies = (
			);
			name = FilmLocations;
			productName = FilmLocations;
			productReference = 172981751FD5C92700904E05 /* FilmLocations.app */;
			productType = "com.apple.product-type.application";
		};
/* End PBXNativeTarget section */

/* Begin PBXProject section */
		1729816D1FD5C92700904E05 /* Project object */ = {
			isa = PBXProject;
			attributes = {
				LastSwiftUpdateCheck = 0910;
				LastUpgradeCheck = 0910;
				ORGANIZATIONNAME = fakeapps;
				TargetAttributes = {
					172981741FD5C92700904E05 = {
						CreatedOnToolsVersion = 9.1;
						ProvisioningStyle = Automatic;
					};
				};
			};
			buildConfigurationList = 172981701FD5C92700904E05 /* Build configuration list for PBXProject "FilmLocations" */;
			compatibilityVersion = "Xcode 8.0";
			developmentRegion = en;
			hasScannedForEncodings = 0;
			knownRegions = (
				en,
				Base,
			);
			mainGroup = 1729816C1FD5C92700904E05;
			productRefGroup = 172981761FD5C92700904E05 /* Products */;
			projectDirPath = "";
			projectRoot = "";
			targets = (
				172981741FD5C92700904E05 /* FilmLocations */,
			);
		};
/* End PBXProject section */

/* Begin PBXResourcesBuildPhase section */
		172981731FD5C92700904E05 /* Resources */ = {
			isa = PBXResourcesBuildPhase;
			buildActionMask = 2147483647;
			files = (
				172981831FD5C92700904E05 /* LaunchScreen.storyboard in Resources */,
				172981801FD5C92700904E05 /* Assets.xcassets in Resources */,
			);
			runOnlyForDeploymentPostprocessing = 0;
		};
/* End PBXResourcesBuildPhase section */

/* Begin PBXSourcesBuildPhase section */
		172981711FD5C92700904E05 /* Sources */ = {
			isa = PBXSourcesBuildPhase;
			buildActionMask = 2147483647;
			files = (
				1729818E1FD5D67600904E05 /* FilmManager.swift in Sources */,
				1729817B1FD5C92700904E05 /* FilmTableController.swift in Sources */,
				172981921FD6002B00904E05 /* FilmLocationMapViewController.swift in Sources */,
				1729818C1FD5D39100904E05 /* Film.swift in Sources */,
				172981791FD5C92700904E05 /* AppDelegate.swift in Sources */,
				172981901FD5F1B400904E05 /* FilmTableViewCell.swift in Sources */,
			);
			runOnlyForDeploymentPostprocessing = 0;
		};
/* End PBXSourcesBuildPhase section */

/* Begin PBXVariantGroup section */
		172981811FD5C92700904E05 /* LaunchScreen.storyboard */ = {
			isa = PBXVariantGroup;
			children = (
				172981821FD5C92700904E05 /* Base */,
			);
			name = LaunchScreen.storyboard;
			sourceTree = "<group>";
		};
/* End PBXVariantGroup section */

/* Begin XCBuildConfiguration section */
		172981851FD5C92700904E05 /* Debug */ = {
			isa = XCBuildConfiguration;
			buildSettings = {
				ALWAYS_SEARCH_USER_PATHS = NO;
				CLANG_ANALYZER_NONNULL = YES;
				CLANG_ANALYZER_NUMBER_OBJECT_CONVERSION = YES_AGGRESSIVE;
				CLANG_CXX_LANGUAGE_STANDARD = "gnu++14";
				CLANG_CXX_LIBRARY = "libc++";
				CLANG_ENABLE_MODULES = YES;
				CLANG_ENABLE_OBJC_ARC = YES;
				CLANG_WARN_BLOCK_CAPTURE_AUTORELEASING = YES;
				CLANG_WARN_BOOL_CONVERSION = YES;
				CLANG_WARN_COMMA = YES;
				CLANG_WARN_CONSTANT_CONVERSION = YES;
				CLANG_WARN_DIRECT_OBJC_ISA_USAGE = YES_ERROR;
				CLANG_WARN_DOCUMENTATION_COMMENTS = YES;
				CLANG_WARN_EMPTY_BODY = YES;
				CLANG_WARN_ENUM_CONVERSION = YES;
				CLANG_WARN_INFINITE_RECURSION = YES;
				CLANG_WARN_INT_CONVERSION = YES;
				CLANG_WARN_NON_LITERAL_NULL_CONVERSION = YES;
				CLANG_WARN_OBJC_LITERAL_CONVERSION = YES;
				CLANG_WARN_OBJC_ROOT_CLASS = YES_ERROR;
				CLANG_WARN_RANGE_LOOP_ANALYSIS = YES;
				CLANG_WARN_STRICT_PROTOTYPES = YES;
				CLANG_WARN_SUSPICIOUS_MOVE = YES;
				CLANG_WARN_UNGUARDED_AVAILABILITY = YES_AGGRESSIVE;
				CLANG_WARN_UNREACHABLE_CODE = YES;
				CLANG_WARN__DUPLICATE_METHOD_MATCH = YES;
				CODE_SIGN_IDENTITY = "iPhone Developer";
				COPY_PHASE_STRIP = NO;
				DEBUG_INFORMATION_FORMAT = dwarf;
				ENABLE_STRICT_OBJC_MSGSEND = YES;
				ENABLE_TESTABILITY = YES;
				GCC_C_LANGUAGE_STANDARD = gnu11;
				GCC_DYNAMIC_NO_PIC = NO;
				GCC_NO_COMMON_BLOCKS = YES;
				GCC_OPTIMIZATION_LEVEL = 0;
				GCC_PREPROCESSOR_DEFINITIONS = (
					"DEBUG=1",
					"$(inherited)",
				);
				GCC_WARN_64_TO_32_BIT_CONVERSION = YES;
				GCC_WARN_ABOUT_RETURN_TYPE = YES_ERROR;
				GCC_WARN_UNDECLARED_SELECTOR = YES;
				GCC_WARN_UNINITIALIZED_AUTOS = YES_AGGRESSIVE;
				GCC_WARN_UNUSED_FUNCTION = YES;
				GCC_WARN_UNUSED_VARIABLE = YES;
				IPHONEOS_DEPLOYMENT_TARGET = 11.1;
				MTL_ENABLE_DEBUG_INFO = YES;
				ONLY_ACTIVE_ARCH = YES;
				SDKROOT = iphoneos;
				SWIFT_ACTIVE_COMPILATION_CONDITIONS = DEBUG;
				SWIFT_OPTIMIZATION_LEVEL = "-Onone";
			};
			name = Debug;
		};
		172981861FD5C92700904E05 /* Release */ = {
			isa = XCBuildConfiguration;
			buildSettings = {
				ALWAYS_SEARCH_USER_PATHS = NO;
				CLANG_ANALYZER_NONNULL = YES;
				CLANG_ANALYZER_NUMBER_OBJECT_CONVERSION = YES_AGGRESSIVE;
				CLANG_CXX_LANGUAGE_STANDARD = "gnu++14";
				CLANG_CXX_LIBRARY = "libc++";
				CLANG_ENABLE_MODULES = YES;
				CLANG_ENABLE_OBJC_ARC = YES;
				CLANG_WARN_BLOCK_CAPTURE_AUTORELEASING = YES;
				CLANG_WARN_BOOL_CONVERSION = YES;
				CLANG_WARN_COMMA = YES;
				CLANG_WARN_CONSTANT_CONVERSION = YES;
				CLANG_WARN_DIRECT_OBJC_ISA_USAGE = YES_ERROR;
				CLANG_WARN_DOCUMENTATION_COMMENTS = YES;
				CLANG_WARN_EMPTY_BODY = YES;
				CLANG_WARN_ENUM_CONVERSION = YES;
				CLANG_WARN_INFINITE_RECURSION = YES;
				CLANG_WARN_INT_CONVERSION = YES;
				CLANG_WARN_NON_LITERAL_NULL_CONVERSION = YES;
				CLANG_WARN_OBJC_LITERAL_CONVERSION = YES;
				CLANG_WARN_OBJC_ROOT_CLASS = YES_ERROR;
				CLANG_WARN_RANGE_LOOP_ANALYSIS = YES;
				CLANG_WARN_STRICT_PROTOTYPES = YES;
				CLANG_WARN_SUSPICIOUS_MOVE = YES;
				CLANG_WARN_UNGUARDED_AVAILABILITY = YES_AGGRESSIVE;
				CLANG_WARN_UNREACHABLE_CODE = YES;
				CLANG_WARN__DUPLICATE_METHOD_MATCH = YES;
				CODE_SIGN_IDENTITY = "iPhone Developer";
				COPY_PHASE_STRIP = NO;
				DEBUG_INFORMATION_FORMAT = "dwarf-with-dsym";
				ENABLE_NS_ASSERTIONS = NO;
				ENABLE_STRICT_OBJC_MSGSEND = YES;
				GCC_C_LANGUAGE_STANDARD = gnu11;
				GCC_NO_COMMON_BLOCKS = YES;
				GCC_WARN_64_TO_32_BIT_CONVERSION = YES;
				GCC_WARN_ABOUT_RETURN_TYPE = YES_ERROR;
				GCC_WARN_UNDECLARED_SELECTOR = YES;
				GCC_WARN_UNINITIALIZED_AUTOS = YES_AGGRESSIVE;
				GCC_WARN_UNUSED_FUNCTION = YES;
				GCC_WARN_UNUSED_VARIABLE = YES;
				IPHONEOS_DEPLOYMENT_TARGET = 11.1;
				MTL_ENABLE_DEBUG_INFO = NO;
				SDKROOT = iphoneos;
				SWIFT_OPTIMIZATION_LEVEL = "-Owholemodule";
				VALIDATE_PRODUCT = YES;
			};
			name = Release;
		};
		172981881FD5C92700904E05 /* Debug */ = {
			isa = XCBuildConfiguration;
			buildSettings = {
				ASSETCATALOG_COMPILER_APPICON_NAME = AppIcon;
				CODE_SIGN_STYLE = Automatic;
				DEVELOPMENT_TEAM = HGS3GTCF73;
				INFOPLIST_FILE = FilmLocations/Info.plist;
				LD_RUNPATH_SEARCH_PATHS = "$(inherited) @executable_path/Frameworks";
				PRODUCT_BUNDLE_IDENTIFIER = net.fakeapps.FilmLocations;
				PRODUCT_NAME = "$(TARGET_NAME)";
				SWIFT_VERSION = 4.0;
				TARGETED_DEVICE_FAMILY = "1,2";
			};
			name = Debug;
		};
		172981891FD5C92700904E05 /* Release */ = {
			isa = XCBuildConfiguration;
			buildSettings = {
				ASSETCATALOG_COMPILER_APPICON_NAME = AppIcon;
				CODE_SIGN_STYLE = Automatic;
				DEVELOPMENT_TEAM = HGS3GTCF73;
				INFOPLIST_FILE = FilmLocations/Info.plist;
				LD_RUNPATH_SEARCH_PATHS = "$(inherited) @executable_path/Frameworks";
				PRODUCT_BUNDLE_IDENTIFIER = net.fakeapps.FilmLocations;
				PRODUCT_NAME = "$(TARGET_NAME)";
				SWIFT_VERSION = 4.0;
				TARGETED_DEVICE_FAMILY = "1,2";
			};
			name = Release;
		};
/* End XCBuildConfiguration section */

/* Begin XCConfigurationList section */
		172981701FD5C92700904E05 /* Build configuration list for PBXProject "FilmLocations" */ = {
			isa = XCConfigurationList;
			buildConfigurations = (
				172981851FD5C92700904E05 /* Debug */,
				172981861FD5C92700904E05 /* Release */,
			);
			defaultConfigurationIsVisible = 0;
			defaultConfigurationName = Release;
		};
		172981871FD5C92700904E05 /* Build configuration list for PBXNativeTarget "FilmLocations" */ = {
			isa = XCConfigurationList;
			buildConfigurations = (
				172981881FD5C92700904E05 /* Debug */,
				172981891FD5C92700904E05 /* Release */,
			);
			defaultConfigurationIsVisible = 0;
			defaultConfigurationName = Release;
		};
/* End XCConfigurationList section */
	};
	rootObject = 1729816D1FD5C92700904E05 /* Project object */;
}
